# This file is automatically @generated by Cargo.
# It is not intended for manual editing.
version = 4

[[package]]
name = "ssf-cli"
version = "0.1.0"

[[package]]
name = "ssf-craft"
version = "0.1.0"

[[package]]
name = "ssf-data"
version = "0.1.0"

[[package]]
name = "ssf-economy"
version = "0.1.0"

[[package]]
name = "ssf-plan"
version = "0.1.0"

[[package]]
name = "ssf-solve"
version = "0.1.0"

[[package]]
name = "xtask"
version = "0.1.0"
